
Microsoft Visual Studio Solution File, Format Version 12.00
# Visual Studio 15
VisualStudioVersion = 15.0.27703.2042
MinimumVisualStudioVersion = 10.0.40219.1
Project("{FAE04EC0-301F-11D3-BF4B-00C04F79EFBC}") = "OfficeToolLite", "OfficeToolLite\OfficeToolLite.csproj", "{B5434C0F-83BC-455B-90AC-0A0B8936072B}"
EndProject
Global
	GlobalSection(SolutionConfigurationPlatforms) = preSolution
		Debug|Any CPU = Debug|Any CPU
		Release|Any CPU = Release|Any CPU
	EndGlobalSection
	GlobalSection(ProjectConfigurationPlatforms) = postSolution
		{B5434C0F-83BC-455B-90AC-0A0B8936072B}.Debug|Any CPU.ActiveCfg = Debug|Any CPU
		{B5434C0F-83BC-455B-90AC-0A0B8936072B}.Debug|Any CPU.Build.0 = Debug|Any CPU
		{B5434C0F-83BC-455B-90AC-0A0B8936072B}.Release|Any CPU.ActiveCfg = Release|Any CPU
		{B5434C0F-83BC-455B-90AC-0A0B8936072B}.Release|Any CPU.Build.0 = Release|Any CPU
	EndGlobalSection
	GlobalSection(SolutionProperties) = preSolution
		HideSolutionNode = FALSE
	EndGlobalSection
	GlobalSection(ExtensibilityGlobals) = postSolution
		SolutionGuid = {2199D185-71CF-4501-8CD0-983D822D1786}
	EndGlobalSection
EndGlobal
