
Microsoft Visual Studio Solution File, Format Version 12.00
# Visual Studio 15
VisualStudioVersion = 15.0.27703.2026
MinimumVisualStudioVersion = 10.0.40219.1
Project("{FAE04EC0-301F-11D3-BF4B-00C04F79EFBC}") = "OfficeToolPlus", "OfficeToolPlus\OfficeToolPlus.csproj", "{3F94FE4A-D660-4336-AFDA-A3B11E37F390}"
EndProject
Global
	GlobalSection(Performance) = preSolution
		HasPerformanceSessions = true
	EndGlobalSection
	GlobalSection(SolutionConfigurationPlatforms) = preSolution
		Debug|Any CPU = Debug|Any CPU
		Debug|x64 = Debug|x64
		Debug|x86 = Debug|x86
		Release|Any CPU = Release|Any CPU
		Release|x64 = Release|x64
		Release|x86 = Release|x86
	EndGlobalSection
	GlobalSection(ProjectConfigurationPlatforms) = postSolution
		{3F94FE4A-D660-4336-AFDA-A3B11E37F390}.Debug|Any CPU.ActiveCfg = Debug|Any CPU
		{3F94FE4A-D660-4336-AFDA-A3B11E37F390}.Debug|Any CPU.Build.0 = Debug|Any CPU
		{3F94FE4A-D660-4336-AFDA-A3B11E37F390}.Debug|x64.ActiveCfg = Debug|Any CPU
		{3F94FE4A-D660-4336-AFDA-A3B11E37F390}.Debug|x64.Build.0 = Debug|Any CPU
		{3F94FE4A-D660-4336-AFDA-A3B11E37F390}.Debug|x86.ActiveCfg = Debug|Any CPU
		{3F94FE4A-D660-4336-AFDA-A3B11E37F390}.Debug|x86.Build.0 = Debug|Any CPU
		{3F94FE4A-D660-4336-AFDA-A3B11E37F390}.Release|Any CPU.ActiveCfg = Release|Any CPU
		{3F94FE4A-D660-4336-AFDA-A3B11E37F390}.Release|Any CPU.Build.0 = Release|Any CPU
		{3F94FE4A-D660-4336-AFDA-A3B11E37F390}.Release|x64.ActiveCfg = Release|Any CPU
		{3F94FE4A-D660-4336-AFDA-A3B11E37F390}.Release|x64.Build.0 = Release|Any CPU
		{3F94FE4A-D660-4336-AFDA-A3B11E37F390}.Release|x86.ActiveCfg = Release|Any CPU
		{3F94FE4A-D660-4336-AFDA-A3B11E37F390}.Release|x86.Build.0 = Release|Any CPU
	EndGlobalSection
	GlobalSection(SolutionProperties) = preSolution
		HideSolutionNode = FALSE
	EndGlobalSection
	GlobalSection(ExtensibilityGlobals) = postSolution
		SolutionGuid = {5CCCD860-CD1F-4DA8-92AF-73DB19E51FED}
	EndGlobalSection
EndGlobal
